
Microsoft Visual Studio Solution File, Format Version 12.00
# Visual Studio 15
VisualStudioVersion = 15.0.28307.852
MinimumVisualStudioVersion = 10.0.40219.1
Project("{FAE04EC0-301F-11D3-BF4B-00C04F79EFBC}") = "不平等の自然発生シミュレーション", "不平等の自然発生シミュレーション.csproj", "{BB52FB68-38FD-4F67-9E8C-3E28FA98E8E6}"
EndProject
Global
	GlobalSection(SolutionConfigurationPlatforms) = preSolution
		Debug|Any CPU = Debug|Any CPU
		Release|Any CPU = Release|Any CPU
	EndGlobalSection
	GlobalSection(ProjectConfigurationPlatforms) = postSolution
		{BB52FB68-38FD-4F67-9E8C-3E28FA98E8E6}.Debug|Any CPU.ActiveCfg = Debug|Any CPU
		{BB52FB68-38FD-4F67-9E8C-3E28FA98E8E6}.Debug|Any CPU.Build.0 = Debug|Any CPU
		{BB52FB68-38FD-4F67-9E8C-3E28FA98E8E6}.Release|Any CPU.ActiveCfg = Release|Any CPU
		{BB52FB68-38FD-4F67-9E8C-3E28FA98E8E6}.Release|Any CPU.Build.0 = Release|Any CPU
	EndGlobalSection
	GlobalSection(SolutionProperties) = preSolution
		HideSolutionNode = FALSE
	EndGlobalSection
	GlobalSection(ExtensibilityGlobals) = postSolution
		SolutionGuid = {4C55C4F3-D6B1-4C28-9BA3-EF90C4F4D1BF}
	EndGlobalSection
EndGlobal
